{
    "name": "react-native-match-sketchpad",
    "version": "0.12.18",
    "lockfileVersion": 1,
    "requires": true,
    "dependencies": {
        "react-native-text-size": {
            "version": "4.0.0-rc.1",
            "resolved": "https://registry.npmjs.org/react-native-text-size/-/react-native-text-size-4.0.0-rc.1.tgz",
            "integrity": "sha512-CysqjU2jK6Yc+a+kEI222pUyTY2ywcU2HqbFqf1KHymW6OPTdvBBHqbEJKL0QiLhQaFYDbqicM+h990s9TP00g=="
        }
    }
}
